
Microsoft Visual Studio Solution File, Format Version 12.00
# Visual Studio 14
VisualStudioVersion = 14.0.23107.0
MinimumVisualStudioVersion = 10.0.40219.1
Project("{FAE04EC0-301F-11D3-BF4B-00C04F79EFBC}") = "Decisions", "Decisions\Decisions.csproj", "{F995A91D-D1DC-4EC1-898B-453516C49771}"
EndProject
Global
	GlobalSection(SolutionConfigurationPlatforms) = preSolution
		Debug|Any CPU = Debug|Any CPU
		Release|Any CPU = Release|Any CPU
	EndGlobalSection
	GlobalSection(ProjectConfigurationPlatforms) = postSolution
		{F995A91D-D1DC-4EC1-898B-453516C49771}.Debug|Any CPU.ActiveCfg = Debug|Any CPU
		{F995A91D-D1DC-4EC1-898B-453516C49771}.Debug|Any CPU.Build.0 = Debug|Any CPU
		{F995A91D-D1DC-4EC1-898B-453516C49771}.Release|Any CPU.ActiveCfg = Release|Any CPU
		{F995A91D-D1DC-4EC1-898B-453516C49771}.Release|Any CPU.Build.0 = Release|Any CPU
	EndGlobalSection
	GlobalSection(SolutionProperties) = preSolution
		HideSolutionNode = FALSE
	EndGlobalSection
EndGlobal
